// !$*UTF8*$!
{
	archiveVersion = 1;
	classes = {
	};
	objectVersion = 56;
	objects = {

/* Begin PBXBuildFile section */
		3C390CF52C7D302B00D60A55 /* WeatherAppTests.swift in Sources */ = {isa = PBXBuildFile; fileRef = 3C390CF42C7D302B00D60A55 /* WeatherAppTests.swift */; };
		3C390CFC2C7D458500D60A55 /* MockNWService.swift in Sources */ = {isa = PBXBuildFile; fileRef = 3C390CFB2C7D458500D60A55 /* MockNWService.swift */; };
		3C3BCE5B2C7B822C00F6B404 /* WeatherAppApp.swift in Sources */ = {isa = PBXBuildFile; fileRef = 3C3BCE5A2C7B822C00F6B404 /* WeatherAppApp.swift */; };
		3C3BCE5F2C7B822F00F6B404 /* Assets.xcassets in Resources */ = {isa = PBXBuildFile; fileRef = 3C3BCE5E2C7B822F00F6B404 /* Assets.xcassets */; };
		3C3BCE622C7B822F00F6B404 /* Preview Assets.xcassets in Resources */ = {isa = PBXBuildFile; fileRef = 3C3BCE612C7B822F00F6B404 /* Preview Assets.xcassets */; };
		3C3BCE6B2C7B827000F6B404 /* NetWorkService.swift in Sources */ = {isa = PBXBuildFile; fileRef = 3C3BCE6A2C7B827000F6B404 /* NetWorkService.swift */; };
		3C3BCE6D2C7B82AA00F6B404 /* DataParser.swift in Sources */ = {isa = PBXBuildFile; fileRef = 3C3BCE6C2C7B82AA00F6B404 /* DataParser.swift */; };
		3C3BCE702C7B82D900F6B404 /* DateOptimizer.swift in Sources */ = {isa = PBXBuildFile; fileRef = 3C3BCE6F2C7B82D900F6B404 /* DateOptimizer.swift */; };
		3C3BCE772C7B832500F6B404 /* HomeView.swift in Sources */ = {isa = PBXBuildFile; fileRef = 3C3BCE762C7B832500F6B404 /* HomeView.swift */; };
		3C3BCE812C7B8E3C00F6B404 /* CurrentWeather.swift in Sources */ = {isa = PBXBuildFile; fileRef = 3C3BCE7C2C7B8E3B00F6B404 /* CurrentWeather.swift */; };
		3C3BCE822C7B8E3C00F6B404 /* ForeCast.swift in Sources */ = {isa = PBXBuildFile; fileRef = 3C3BCE7D2C7B8E3B00F6B404 /* ForeCast.swift */; };
		3C3BCE832C7B8E3C00F6B404 /* Location.swift in Sources */ = {isa = PBXBuildFile; fileRef = 3C3BCE7E2C7B8E3B00F6B404 /* Location.swift */; };
		3C3BCE842C7B8E3C00F6B404 /* WeatherResponse.swift in Sources */ = {isa = PBXBuildFile; fileRef = 3C3BCE7F2C7B8E3B00F6B404 /* WeatherResponse.swift */; };
		3C3BCE862C7B8F0800F6B404 /* HomeViewModel.swift in Sources */ = {isa = PBXBuildFile; fileRef = 3C3BCE852C7B8F0800F6B404 /* HomeViewModel.swift */; };
		3C3BCE882C7B92DD00F6B404 /* DetailsItemView.swift in Sources */ = {isa = PBXBuildFile; fileRef = 3C3BCE872C7B92DD00F6B404 /* DetailsItemView.swift */; };
		3C3BCE8B2C7B9FC400F6B404 /* ForeCastView.swift in Sources */ = {isa = PBXBuildFile; fileRef = 3C3BCE8A2C7B9FC400F6B404 /* ForeCastView.swift */; };
		3C3BCE8D2C7BAA5000F6B404 /* WeatherDetailsView.swift in Sources */ = {isa = PBXBuildFile; fileRef = 3C3BCE8C2C7BAA5000F6B404 /* WeatherDetailsView.swift */; };
		3C3BCE912C7BAB3A00F6B404 /* WeatherDetailsViewModel.swift in Sources */ = {isa = PBXBuildFile; fileRef = 3C3BCE902C7BAB3A00F6B404 /* WeatherDetailsViewModel.swift */; };
		3C3BCE942C7BC93500F6B404 /* ViewExtension.swift in Sources */ = {isa = PBXBuildFile; fileRef = 3C3BCE932C7BC93500F6B404 /* ViewExtension.swift */; };
/* End PBXBuildFile section */

/* Begin PBXContainerItemProxy section */
		3C390CF62C7D302B00D60A55 /* PBXContainerItemProxy */ = {
			isa = PBXContainerItemProxy;
			containerPortal = 3C3BCE4F2C7B822C00F6B404 /* Project object */;
			proxyType = 1;
			remoteGlobalIDString = 3C3BCE562C7B822C00F6B404;
			remoteInfo = WeatherApp;
		};
/* End PBXContainerItemProxy section */

/* Begin PBXFileReference section */
		3C390CF22C7D302B00D60A55 /* WeatherAppTests.xctest */ = {isa = PBXFileReference; explicitFileType = wrapper.cfbundle; includeInIndex = 0; path = WeatherAppTests.xctest; sourceTree = BUILT_PRODUCTS_DIR; };
		3C390CF42C7D302B00D60A55 /* WeatherAppTests.swift */ = {isa = PBXFileReference; lastKnownFileType = sourcecode.swift; path = WeatherAppTests.swift; sourceTree = "<group>"; };
		3C390CFB2C7D458500D60A55 /* MockNWService.swift */ = {isa = PBXFileReference; lastKnownFileType = sourcecode.swift; path = MockNWService.swift; sourceTree = "<group>"; };
		3C3BCE572C7B822C00F6B404 /* WeatherApp.app */ = {isa = PBXFileReference; explicitFileType = wrapper.application; includeInIndex = 0; path = WeatherApp.app; sourceTree = BUILT_PRODUCTS_DIR; };
		3C3BCE5A2C7B822C00F6B404 /* WeatherAppApp.swift */ = {isa = PBXFileReference; lastKnownFileType = sourcecode.swift; path = WeatherAppApp.swift; sourceTree = "<group>"; };
		3C3BCE5E2C7B822F00F6B404 /* Assets.xcassets */ = {isa = PBXFileReference; lastKnownFileType = folder.assetcatalog; path = Assets.xcassets; sourceTree = "<group>"; };
		3C3BCE612C7B822F00F6B404 /* Preview Assets.xcassets */ = {isa = PBXFileReference; lastKnownFileType = folder.assetcatalog; path = "Preview Assets.xcassets"; sourceTree = "<group>"; };
		3C3BCE6A2C7B827000F6B404 /* NetWorkService.swift */ = {isa = PBXFileReference; lastKnownFileType = sourcecode.swift; path = NetWorkService.swift; sourceTree = "<group>"; };
		3C3BCE6C2C7B82AA00F6B404 /* DataParser.swift */ = {isa = PBXFileReference; lastKnownFileType = sourcecode.swift; path = DataParser.swift; sourceTree = "<group>"; };
		3C3BCE6F2C7B82D900F6B404 /* DateOptimizer.swift */ = {isa = PBXFileReference; lastKnownFileType = sourcecode.swift; path = DateOptimizer.swift; sourceTree = "<group>"; };
		3C3BCE762C7B832500F6B404 /* HomeView.swift */ = {isa = PBXFileReference; lastKnownFileType = sourcecode.swift; path = HomeView.swift; sourceTree = "<group>"; };
		3C3BCE7C2C7B8E3B00F6B404 /* CurrentWeather.swift */ = {isa = PBXFileReference; fileEncoding = 4; lastKnownFileType = sourcecode.swift; path = CurrentWeather.swift; sourceTree = "<group>"; };
		3C3BCE7D2C7B8E3B00F6B404 /* ForeCast.swift */ = {isa = PBXFileReference; fileEncoding = 4; lastKnownFileType = sourcecode.swift; path = ForeCast.swift; sourceTree = "<group>"; };
		3C3BCE7E2C7B8E3B00F6B404 /* Location.swift */ = {isa = PBXFileReference; fileEncoding = 4; lastKnownFileType = sourcecode.swift; path = Location.swift; sourceTree = "<group>"; };
		3C3BCE7F2C7B8E3B00F6B404 /* WeatherResponse.swift */ = {isa = PBXFileReference; fileEncoding = 4; lastKnownFileType = sourcecode.swift; path = WeatherResponse.swift; sourceTree = "<group>"; };
		3C3BCE852C7B8F0800F6B404 /* HomeViewModel.swift */ = {isa = PBXFileReference; lastKnownFileType = sourcecode.swift; path = HomeViewModel.swift; sourceTree = "<group>"; };
		3C3BCE872C7B92DD00F6B404 /* DetailsItemView.swift */ = {isa = PBXFileReference; lastKnownFileType = sourcecode.swift; path = DetailsItemView.swift; sourceTree = "<group>"; };
		3C3BCE892C7B978D00F6B404 /* Info.plist */ = {isa = PBXFileReference; lastKnownFileType = text.plist; path = Info.plist; sourceTree = "<group>"; };
		3C3BCE8A2C7B9FC400F6B404 /* ForeCastView.swift */ = {isa = PBXFileReference; lastKnownFileType = sourcecode.swift; path = ForeCastView.swift; sourceTree = "<group>"; };
		3C3BCE8C2C7BAA5000F6B404 /* WeatherDetailsView.swift */ = {isa = PBXFileReference; lastKnownFileType = sourcecode.swift; path = WeatherDetailsView.swift; sourceTree = "<group>"; };
		3C3BCE902C7BAB3A00F6B404 /* WeatherDetailsViewModel.swift */ = {isa = PBXFileReference; lastKnownFileType = sourcecode.swift; path = WeatherDetailsViewModel.swift; sourceTree = "<group>"; };
		3C3BCE932C7BC93500F6B404 /* ViewExtension.swift */ = {isa = PBXFileReference; lastKnownFileType = sourcecode.swift; path = ViewExtension.swift; sourceTree = "<group>"; };
/* End PBXFileReference section */

/* Begin PBXFrameworksBuildPhase section */
		3C390CEF2C7D302B00D60A55 /* Frameworks */ = {
			isa = PBXFrameworksBuildPhase;
			buildActionMask = 2147483647;
			files = (
			);
			runOnlyForDeploymentPostprocessing = 0;
		};
		3C3BCE542C7B822C00F6B404 /* Frameworks */ = {
			isa = PBXFrameworksBuildPhase;
			buildActionMask = 2147483647;
			files = (
			);
			runOnlyForDeploymentPostprocessing = 0;
		};
/* End PBXFrameworksBuildPhase section */

/* Begin PBXGroup section */
		3C390CF32C7D302B00D60A55 /* WeatherAppTests */ = {
			isa = PBXGroup;
			children = (
				3C390CF42C7D302B00D60A55 /* WeatherAppTests.swift */,
				3C390CFB2C7D458500D60A55 /* MockNWService.swift */,
			);
			path = WeatherAppTests;
			sourceTree = "<group>";
		};
		3C3BCE4E2C7B822C00F6B404 = {
			isa = PBXGroup;
			children = (
				3C3BCE592C7B822C00F6B404 /* WeatherApp */,
				3C390CF32C7D302B00D60A55 /* WeatherAppTests */,
				3C3BCE582C7B822C00F6B404 /* Products */,
			);
			sourceTree = "<group>";
		};
		3C3BCE582C7B822C00F6B404 /* Products */ = {
			isa = PBXGroup;
			children = (
				3C3BCE572C7B822C00F6B404 /* WeatherApp.app */,
				3C390CF22C7D302B00D60A55 /* WeatherAppTests.xctest */,
			);
			name = Products;
			sourceTree = "<group>";
		};
		3C3BCE592C7B822C00F6B404 /* WeatherApp */ = {
			isa = PBXGroup;
			children = (
				3C3BCE922C7BC91600F6B404 /* Extensions */,
				3C3BCE892C7B978D00F6B404 /* Info.plist */,
				3C3BCE802C7B8E3B00F6B404 /* Model */,
				3C3BCE712C7B82F100F6B404 /* Modules */,
				3C3BCE682C7B824E00F6B404 /* Services */,
				3C3BCE5A2C7B822C00F6B404 /* WeatherAppApp.swift */,
				3C3BCE5E2C7B822F00F6B404 /* Assets.xcassets */,
				3C3BCE602C7B822F00F6B404 /* Preview Content */,
			);
			path = WeatherApp;
			sourceTree = "<group>";
		};
		3C3BCE602C7B822F00F6B404 /* Preview Content */ = {
			isa = PBXGroup;
			children = (
				3C3BCE612C7B822F00F6B404 /* Preview Assets.xcassets */,
			);
			path = "Preview Content";
			sourceTree = "<group>";
		};
		3C3BCE682C7B824E00F6B404 /* Services */ = {
			isa = PBXGroup;
			children = (
				3C3BCE6E2C7B82C700F6B404 /* DateOptimizer */,
				3C3BCE692C7B825A00F6B404 /* NetWorkService */,
			);
			path = Services;
			sourceTree = "<group>";
		};
		3C3BCE692C7B825A00F6B404 /* NetWorkService */ = {
			isa = PBXGroup;
			children = (
				3C3BCE6A2C7B827000F6B404 /* NetWorkService.swift */,
				3C3BCE6C2C7B82AA00F6B404 /* DataParser.swift */,
			);
			path = NetWorkService;
			sourceTree = "<group>";
		};
		3C3BCE6E2C7B82C700F6B404 /* DateOptimizer */ = {
			isa = PBXGroup;
			children = (
				3C3BCE6F2C7B82D900F6B404 /* DateOptimizer.swift */,
			);
			path = DateOptimizer;
			sourceTree = "<group>";
		};
		3C3BCE712C7B82F100F6B404 /* Modules */ = {
			isa = PBXGroup;
			children = (
				3C3BCE782C7B874200F6B404 /* ForeCastDetails */,
				3C3BCE722C7B82FC00F6B404 /* HomeModule */,
			);
			path = Modules;
			sourceTree = "<group>";
		};
		3C3BCE722C7B82FC00F6B404 /* HomeModule */ = {
			isa = PBXGroup;
			children = (
				3C3BCE752C7B831600F6B404 /* ViewModel */,
				3C3BCE732C7B830A00F6B404 /* View */,
			);
			path = HomeModule;
			sourceTree = "<group>";
		};
		3C3BCE732C7B830A00F6B404 /* View */ = {
			isa = PBXGroup;
			children = (
				3C3BCE762C7B832500F6B404 /* HomeView.swift */,
				3C3BCE872C7B92DD00F6B404 /* DetailsItemView.swift */,
				3C3BCE8A2C7B9FC400F6B404 /* ForeCastView.swift */,
			);
			path = View;
			sourceTree = "<group>";
		};
		3C3BCE752C7B831600F6B404 /* ViewModel */ = {
			isa = PBXGroup;
			children = (
				3C3BCE852C7B8F0800F6B404 /* HomeViewModel.swift */,
			);
			path = ViewModel;
			sourceTree = "<group>";
		};
		3C3BCE782C7B874200F6B404 /* ForeCastDetails */ = {
			isa = PBXGroup;
			children = (
				3C3BCE7B2C7B876C00F6B404 /* View */,
				3C3BCE792C7B875B00F6B404 /* ViewModel */,
			);
			path = ForeCastDetails;
			sourceTree = "<group>";
		};
		3C3BCE792C7B875B00F6B404 /* ViewModel */ = {
			isa = PBXGroup;
			children = (
				3C3BCE902C7BAB3A00F6B404 /* WeatherDetailsViewModel.swift */,
			);
			path = ViewModel;
			sourceTree = "<group>";
		};
		3C3BCE7B2C7B876C00F6B404 /* View */ = {
			isa = PBXGroup;
			children = (
				3C3BCE8C2C7BAA5000F6B404 /* WeatherDetailsView.swift */,
			);
			path = View;
			sourceTree = "<group>";
		};
		3C3BCE802C7B8E3B00F6B404 /* Model */ = {
			isa = PBXGroup;
			children = (
				3C3BCE7C2C7B8E3B00F6B404 /* CurrentWeather.swift */,
				3C3BCE7D2C7B8E3B00F6B404 /* ForeCast.swift */,
				3C3BCE7E2C7B8E3B00F6B404 /* Location.swift */,
				3C3BCE7F2C7B8E3B00F6B404 /* WeatherResponse.swift */,
			);
			path = Model;
			sourceTree = "<group>";
		};
		3C3BCE922C7BC91600F6B404 /* Extensions */ = {
			isa = PBXGroup;
			children = (
				3C3BCE932C7BC93500F6B404 /* ViewExtension.swift */,
			);
			path = Extensions;
			sourceTree = "<group>";
		};
/* End PBXGroup section */

/* Begin PBXNativeTarget section */
		3C390CF12C7D302B00D60A55 /* WeatherAppTests */ = {
			isa = PBXNativeTarget;
			buildConfigurationList = 3C390CFA2C7D302B00D60A55 /* Build configuration list for PBXNativeTarget "WeatherAppTests" */;
			buildPhases = (
				3C390CEE2C7D302B00D60A55 /* Sources */,
				3C390CEF2C7D302B00D60A55 /* Frameworks */,
				3C390CF02C7D302B00D60A55 /* Resources */,
			);
			buildRules = (
			);
			dependencies = (
				3C390CF72C7D302B00D60A55 /* PBXTargetDependency */,
			);
			name = WeatherAppTests;
			productName = WeatherAppTests;
			productReference = 3C390CF22C7D302B00D60A55 /* WeatherAppTests.xctest */;
			productType = "com.apple.product-type.bundle.unit-test";
		};
		3C3BCE562C7B822C00F6B404 /* WeatherApp */ = {
			isa = PBXNativeTarget;
			buildConfigurationList = 3C3BCE652C7B822F00F6B404 /* Build configuration list for PBXNativeTarget "WeatherApp" */;
			buildPhases = (
				3C3BCE532C7B822C00F6B404 /* Sources */,
				3C3BCE542C7B822C00F6B404 /* Frameworks */,
				3C3BCE552C7B822C00F6B404 /* Resources */,
			);
			buildRules = (
			);
			dependencies = (
			);
			name = WeatherApp;
			productName = WeatherApp;
			productReference = 3C3BCE572C7B822C00F6B404 /* WeatherApp.app */;
			productType = "com.apple.product-type.application";
		};
/* End PBXNativeTarget section */

/* Begin PBXProject section */
		3C3BCE4F2C7B822C00F6B404 /* Project object */ = {
			isa = PBXProject;
			attributes = {
				BuildIndependentTargetsInParallel = 1;
				LastSwiftUpdateCheck = 1540;
				LastUpgradeCheck = 1540;
				TargetAttributes = {
					3C390CF12C7D302B00D60A55 = {
						CreatedOnToolsVersion = 15.4;
						TestTargetID = 3C3BCE562C7B822C00F6B404;
					};
					3C3BCE562C7B822C00F6B404 = {
						CreatedOnToolsVersion = 15.4;
					};
				};
			};
			buildConfigurationList = 3C3BCE522C7B822C00F6B404 /* Build configuration list for PBXProject "WeatherApp" */;
			compatibilityVersion = "Xcode 14.0";
			developmentRegion = en;
			hasScannedForEncodings = 0;
			knownRegions = (
				en,
				Base,
			);
			mainGroup = 3C3BCE4E2C7B822C00F6B404;
			productRefGroup = 3C3BCE582C7B822C00F6B404 /* Products */;
			projectDirPath = "";
			projectRoot = "";
			targets = (
				3C3BCE562C7B822C00F6B404 /* WeatherApp */,
				3C390CF12C7D302B00D60A55 /* WeatherAppTests */,
			);
		};
/* End PBXProject section */

/* Begin PBXResourcesBuildPhase section */
		3C390CF02C7D302B00D60A55 /* Resources */ = {
			isa = PBXResourcesBuildPhase;
			buildActionMask = 2147483647;
			files = (
			);
			runOnlyForDeploymentPostprocessing = 0;
		};
		3C3BCE552C7B822C00F6B404 /* Resources */ = {
			isa = PBXResourcesBuildPhase;
			buildActionMask = 2147483647;
			files = (
				3C3BCE622C7B822F00F6B404 /* Preview Assets.xcassets in Resources */,
				3C3BCE5F2C7B822F00F6B404 /* Assets.xcassets in Resources */,
			);
			runOnlyForDeploymentPostprocessing = 0;
		};
/* End PBXResourcesBuildPhase section */

/* Begin PBXSourcesBuildPhase section */
		3C390CEE2C7D302B00D60A55 /* Sources */ = {
			isa = PBXSourcesBuildPhase;
			buildActionMask = 2147483647;
			files = (
				3C390CFC2C7D458500D60A55 /* MockNWService.swift in Sources */,
				3C390CF52C7D302B00D60A55 /* WeatherAppTests.swift in Sources */,
			);
			runOnlyForDeploymentPostprocessing = 0;
		};
		3C3BCE532C7B822C00F6B404 /* Sources */ = {
			isa = PBXSourcesBuildPhase;
			buildActionMask = 2147483647;
			files = (
				3C3BCE8D2C7BAA5000F6B404 /* WeatherDetailsView.swift in Sources */,
				3C3BCE822C7B8E3C00F6B404 /* ForeCast.swift in Sources */,
				3C3BCE8B2C7B9FC400F6B404 /* ForeCastView.swift in Sources */,
				3C3BCE862C7B8F0800F6B404 /* HomeViewModel.swift in Sources */,
				3C3BCE842C7B8E3C00F6B404 /* WeatherResponse.swift in Sources */,
				3C3BCE702C7B82D900F6B404 /* DateOptimizer.swift in Sources */,
				3C3BCE882C7B92DD00F6B404 /* DetailsItemView.swift in Sources */,
				3C3BCE6B2C7B827000F6B404 /* NetWorkService.swift in Sources */,
				3C3BCE832C7B8E3C00F6B404 /* Location.swift in Sources */,
				3C3BCE942C7BC93500F6B404 /* ViewExtension.swift in Sources */,
				3C3BCE812C7B8E3C00F6B404 /* CurrentWeather.swift in Sources */,
				3C3BCE912C7BAB3A00F6B404 /* WeatherDetailsViewModel.swift in Sources */,
				3C3BCE772C7B832500F6B404 /* HomeView.swift in Sources */,
				3C3BCE6D2C7B82AA00F6B404 /* DataParser.swift in Sources */,
				3C3BCE5B2C7B822C00F6B404 /* WeatherAppApp.swift in Sources */,
			);
			runOnlyForDeploymentPostprocessing = 0;
		};
/* End PBXSourcesBuildPhase section */

/* Begin PBXTargetDependency section */
		3C390CF72C7D302B00D60A55 /* PBXTargetDependency */ = {
			isa = PBXTargetDependency;
			target = 3C3BCE562C7B822C00F6B404 /* WeatherApp */;
			targetProxy = 3C390CF62C7D302B00D60A55 /* PBXContainerItemProxy */;
		};
/* End PBXTargetDependency section */

/* Begin XCBuildConfiguration section */
		3C390CF82C7D302B00D60A55 /* Debug */ = {
			isa = XCBuildConfiguration;
			buildSettings = {
				BUNDLE_LOADER = "$(TEST_HOST)";
				CODE_SIGN_STYLE = Automatic;
				CURRENT_PROJECT_VERSION = 1;
				DEVELOPMENT_TEAM = 69TXM35BWN;
				GENERATE_INFOPLIST_FILE = YES;
				IPHONEOS_DEPLOYMENT_TARGET = 17.5;
				MACOSX_DEPLOYMENT_TARGET = 14.3;
				MARKETING_VERSION = 1.0;
				PRODUCT_BUNDLE_IDENTIFIER = zyad.WeatherAppTests;
				PRODUCT_NAME = "$(TARGET_NAME)";
				SDKROOT = auto;
				SUPPORTED_PLATFORMS = "iphoneos iphonesimulator macosx";
				SWIFT_EMIT_LOC_STRINGS = NO;
				SWIFT_VERSION = 5.0;
				TARGETED_DEVICE_FAMILY = "1,2";
				TEST_HOST = "$(BUILT_PRODUCTS_DIR)/WeatherApp.app/$(BUNDLE_EXECUTABLE_FOLDER_PATH)/WeatherApp";
			};
			name = Debug;
		};
		3C390CF92C7D302B00D60A55 /* Release */ = {
			isa = XCBuildConfiguration;
			buildSettings = {
				BUNDLE_LOADER = "$(TEST_HOST)";
				CODE_SIGN_STYLE = Automatic;
				CURRENT_PROJECT_VERSION = 1;
				DEVELOPMENT_TEAM = 69TXM35BWN;
				GENERATE_INFOPLIST_FILE = YES;
				IPHONEOS_DEPLOYMENT_TARGET = 17.5;
				MACOSX_DEPLOYMENT_TARGET = 14.3;
				MARKETING_VERSION = 1.0;
				PRODUCT_BUNDLE_IDENTIFIER = zyad.WeatherAppTests;
				PRODUCT_NAME = "$(TARGET_NAME)";
				SDKROOT = auto;
				SUPPORTED_PLATFORMS = "iphoneos iphonesimulator macosx";
				SWIFT_EMIT_LOC_STRINGS = NO;
				SWIFT_VERSION = 5.0;
				TARGETED_DEVICE_FAMILY = "1,2";
				TEST_HOST = "$(BUILT_PRODUCTS_DIR)/WeatherApp.app/$(BUNDLE_EXECUTABLE_FOLDER_PATH)/WeatherApp";
			};
			name = Release;
		};
		3C3BCE632C7B822F00F6B404 /* Debug */ = {
			isa = XCBuildConfiguration;
			buildSettings = {
				ALWAYS_SEARCH_USER_PATHS = NO;
				ASSETCATALOG_COMPILER_GENERATE_SWIFT_ASSET_SYMBOL_EXTENSIONS = YES;
				CLANG_ANALYZER_NONNULL = YES;
				CLANG_ANALYZER_NUMBER_OBJECT_CONVERSION = YES_AGGRESSIVE;
				CLANG_CXX_LANGUAGE_STANDARD = "gnu++20";
				CLANG_ENABLE_MODULES = YES;
				CLANG_ENABLE_OBJC_ARC = YES;
				CLANG_ENABLE_OBJC_WEAK = YES;
				CLANG_WARN_BLOCK_CAPTURE_AUTORELEASING = YES;
				CLANG_WARN_BOOL_CONVERSION = YES;
				CLANG_WARN_COMMA = YES;
				CLANG_WARN_CONSTANT_CONVERSION = YES;
				CLANG_WARN_DEPRECATED_OBJC_IMPLEMENTATIONS = YES;
				CLANG_WARN_DIRECT_OBJC_ISA_USAGE = YES_ERROR;
				CLANG_WARN_DOCUMENTATION_COMMENTS = YES;
				CLANG_WARN_EMPTY_BODY = YES;
				CLANG_WARN_ENUM_CONVERSION = YES;
				CLANG_WARN_INFINITE_RECURSION = YES;
				CLANG_WARN_INT_CONVERSION = YES;
				CLANG_WARN_NON_LITERAL_NULL_CONVERSION = YES;
				CLANG_WARN_OBJC_IMPLICIT_RETAIN_SELF = YES;
				CLANG_WARN_OBJC_LITERAL_CONVERSION = YES;
				CLANG_WARN_OBJC_ROOT_CLASS = YES_ERROR;
				CLANG_WARN_QUOTED_INCLUDE_IN_FRAMEWORK_HEADER = YES;
				CLANG_WARN_RANGE_LOOP_ANALYSIS = YES;
				CLANG_WARN_STRICT_PROTOTYPES = YES;
				CLANG_WARN_SUSPICIOUS_MOVE = YES;
				CLANG_WARN_UNGUARDED_AVAILABILITY = YES_AGGRESSIVE;
				CLANG_WARN_UNREACHABLE_CODE = YES;
				CLANG_WARN__DUPLICATE_METHOD_MATCH = YES;
				COPY_PHASE_STRIP = NO;
				DEBUG_INFORMATION_FORMAT = dwarf;
				ENABLE_STRICT_OBJC_MSGSEND = YES;
				ENABLE_TESTABILITY = YES;
				ENABLE_USER_SCRIPT_SANDBOXING = YES;
				GCC_C_LANGUAGE_STANDARD = gnu17;
				GCC_DYNAMIC_NO_PIC = NO;
				GCC_NO_COMMON_BLOCKS = YES;
				GCC_OPTIMIZATION_LEVEL = 0;
				GCC_PREPROCESSOR_DEFINITIONS = (
					"DEBUG=1",
					"$(inherited)",
				);
				GCC_WARN_64_TO_32_BIT_CONVERSION = YES;
				GCC_WARN_ABOUT_RETURN_TYPE = YES_ERROR;
				GCC_WARN_UNDECLARED_SELECTOR = YES;
				GCC_WARN_UNINITIALIZED_AUTOS = YES_AGGRESSIVE;
				GCC_WARN_UNUSED_FUNCTION = YES;
				GCC_WARN_UNUSED_VARIABLE = YES;
				IPHONEOS_DEPLOYMENT_TARGET = 17.5;
				LOCALIZATION_PREFERS_STRING_CATALOGS = YES;
				MTL_ENABLE_DEBUG_INFO = INCLUDE_SOURCE;
				MTL_FAST_MATH = YES;
				ONLY_ACTIVE_ARCH = YES;
				SDKROOT = iphoneos;
				SWIFT_ACTIVE_COMPILATION_CONDITIONS = "DEBUG $(inherited)";
				SWIFT_OPTIMIZATION_LEVEL = "-Onone";
			};
			name = Debug;
		};
		3C3BCE642C7B822F00F6B404 /* Release */ = {
			isa = XCBuildConfiguration;
			buildSettings = {
				ALWAYS_SEARCH_USER_PATHS = NO;
				ASSETCATALOG_COMPILER_GENERATE_SWIFT_ASSET_SYMBOL_EXTENSIONS = YES;
				CLANG_ANALYZER_NONNULL = YES;
				CLANG_ANALYZER_NUMBER_OBJECT_CONVERSION = YES_AGGRESSIVE;
				CLANG_CXX_LANGUAGE_STANDARD = "gnu++20";
				CLANG_ENABLE_MODULES = YES;
				CLANG_ENABLE_OBJC_ARC = YES;
				CLANG_ENABLE_OBJC_WEAK = YES;
				CLANG_WARN_BLOCK_CAPTURE_AUTORELEASING = YES;
				CLANG_WARN_BOOL_CONVERSION = YES;
				CLANG_WARN_COMMA = YES;
				CLANG_WARN_CONSTANT_CONVERSION = YES;
				CLANG_WARN_DEPRECATED_OBJC_IMPLEMENTATIONS = YES;
				CLANG_WARN_DIRECT_OBJC_ISA_USAGE = YES_ERROR;
				CLANG_WARN_DOCUMENTATION_COMMENTS = YES;
				CLANG_WARN_EMPTY_BODY = YES;
				CLANG_WARN_ENUM_CONVERSION = YES;
				CLANG_WARN_INFINITE_RECURSION = YES;
				CLANG_WARN_INT_CONVERSION = YES;
				CLANG_WARN_NON_LITERAL_NULL_CONVERSION = YES;
				CLANG_WARN_OBJC_IMPLICIT_RETAIN_SELF = YES;
				CLANG_WARN_OBJC_LITERAL_CONVERSION = YES;
				CLANG_WARN_OBJC_ROOT_CLASS = YES_ERROR;
				CLANG_WARN_QUOTED_INCLUDE_IN_FRAMEWORK_HEADER = YES;
				CLANG_WARN_RANGE_LOOP_ANALYSIS = YES;
				CLANG_WARN_STRICT_PROTOTYPES = YES;
				CLANG_WARN_SUSPICIOUS_MOVE = YES;
				CLANG_WARN_UNGUARDED_AVAILABILITY = YES_AGGRESSIVE;
				CLANG_WARN_UNREACHABLE_CODE = YES;
				CLANG_WARN__DUPLICATE_METHOD_MATCH = YES;
				COPY_PHASE_STRIP = NO;
				DEBUG_INFORMATION_FORMAT = "dwarf-with-dsym";
				ENABLE_NS_ASSERTIONS = NO;
				ENABLE_STRICT_OBJC_MSGSEND = YES;
				ENABLE_USER_SCRIPT_SANDBOXING = YES;
				GCC_C_LANGUAGE_STANDARD = gnu17;
				GCC_NO_COMMON_BLOCKS = YES;
				GCC_WARN_64_TO_32_BIT_CONVERSION = YES;
				GCC_WARN_ABOUT_RETURN_TYPE = YES_ERROR;
				GCC_WARN_UNDECLARED_SELECTOR = YES;
				GCC_WARN_UNINITIALIZED_AUTOS = YES_AGGRESSIVE;
				GCC_WARN_UNUSED_FUNCTION = YES;
				GCC_WARN_UNUSED_VARIABLE = YES;
				IPHONEOS_DEPLOYMENT_TARGET = 17.5;
				LOCALIZATION_PREFERS_STRING_CATALOGS = YES;
				MTL_ENABLE_DEBUG_INFO = NO;
				MTL_FAST_MATH = YES;
				SDKROOT = iphoneos;
				SWIFT_COMPILATION_MODE = wholemodule;
				VALIDATE_PRODUCT = YES;
			};
			name = Release;
		};
		3C3BCE662C7B822F00F6B404 /* Debug */ = {
			isa = XCBuildConfiguration;
			buildSettings = {
				ASSETCATALOG_COMPILER_APPICON_NAME = AppIcon;
				ASSETCATALOG_COMPILER_GLOBAL_ACCENT_COLOR_NAME = AccentColor;
				CODE_SIGN_STYLE = Automatic;
				CURRENT_PROJECT_VERSION = 1;
				DEVELOPMENT_ASSET_PATHS = "\"WeatherApp/Preview Content\"";
				DEVELOPMENT_TEAM = 69TXM35BWN;
				ENABLE_PREVIEWS = YES;
				GENERATE_INFOPLIST_FILE = YES;
				INFOPLIST_FILE = WeatherApp/Info.plist;
				INFOPLIST_KEY_UIApplicationSceneManifest_Generation = YES;
				INFOPLIST_KEY_UIApplicationSupportsIndirectInputEvents = YES;
				INFOPLIST_KEY_UILaunchScreen_Generation = YES;
				INFOPLIST_KEY_UISupportedInterfaceOrientations_iPad = "UIInterfaceOrientationPortrait UIInterfaceOrientationPortraitUpsideDown UIInterfaceOrientationLandscapeLeft UIInterfaceOrientationLandscapeRight";
				INFOPLIST_KEY_UISupportedInterfaceOrientations_iPhone = "UIInterfaceOrientationPortrait UIInterfaceOrientationLandscapeLeft UIInterfaceOrientationLandscapeRight";
				LD_RUNPATH_SEARCH_PATHS = (
					"$(inherited)",
					"@executable_path/Frameworks",
				);
				MARKETING_VERSION = 1.0;
				PRODUCT_BUNDLE_IDENTIFIER = zyad.WeatherApp;
				PRODUCT_NAME = "$(TARGET_NAME)";
				SWIFT_EMIT_LOC_STRINGS = YES;
				SWIFT_VERSION = 5.0;
				TARGETED_DEVICE_FAMILY = "1,2";
			};
			name = Debug;
		};
		3C3BCE672C7B822F00F6B404 /* Release */ = {
			isa = XCBuildConfiguration;
			buildSettings = {
				ASSETCATALOG_COMPILER_APPICON_NAME = AppIcon;
				ASSETCATALOG_COMPILER_GLOBAL_ACCENT_COLOR_NAME = AccentColor;
				CODE_SIGN_STYLE = Automatic;
				CURRENT_PROJECT_VERSION = 1;
				DEVELOPMENT_ASSET_PATHS = "\"WeatherApp/Preview Content\"";
				DEVELOPMENT_TEAM = 69TXM35BWN;
				ENABLE_PREVIEWS = YES;
				GENERATE_INFOPLIST_FILE = YES;
				INFOPLIST_FILE = WeatherApp/Info.plist;
				INFOPLIST_KEY_UIApplicationSceneManifest_Generation = YES;
				INFOPLIST_KEY_UIApplicationSupportsIndirectInputEvents = YES;
				INFOPLIST_KEY_UILaunchScreen_Generation = YES;
				INFOPLIST_KEY_UISupportedInterfaceOrientations_iPad = "UIInterfaceOrientationPortrait UIInterfaceOrientationPortraitUpsideDown UIInterfaceOrientationLandscapeLeft UIInterfaceOrientationLandscapeRight";
				INFOPLIST_KEY_UISupportedInterfaceOrientations_iPhone = "UIInterfaceOrientationPortrait UIInterfaceOrientationLandscapeLeft UIInterfaceOrientationLandscapeRight";
				LD_RUNPATH_SEARCH_PATHS = (
					"$(inherited)",
					"@executable_path/Frameworks",
				);
				MARKETING_VERSION = 1.0;
				PRODUCT_BUNDLE_IDENTIFIER = zyad.WeatherApp;
				PRODUCT_NAME = "$(TARGET_NAME)";
				SWIFT_EMIT_LOC_STRINGS = YES;
				SWIFT_VERSION = 5.0;
				TARGETED_DEVICE_FAMILY = "1,2";
			};
			name = Release;
		};
/* End XCBuildConfiguration section */

/* Begin XCConfigurationList section */
		3C390CFA2C7D302B00D60A55 /* Build configuration list for PBXNativeTarget "WeatherAppTests" */ = {
			isa = XCConfigurationList;
			buildConfigurations = (
				3C390CF82C7D302B00D60A55 /* Debug */,
				3C390CF92C7D302B00D60A55 /* Release */,
			);
			defaultConfigurationIsVisible = 0;
			defaultConfigurationName = Release;
		};
		3C3BCE522C7B822C00F6B404 /* Build configuration list for PBXProject "WeatherApp" */ = {
			isa = XCConfigurationList;
			buildConfigurations = (
				3C3BCE632C7B822F00F6B404 /* Debug */,
				3C3BCE642C7B822F00F6B404 /* Release */,
			);
			defaultConfigurationIsVisible = 0;
			defaultConfigurationName = Release;
		};
		3C3BCE652C7B822F00F6B404 /* Build configuration list for PBXNativeTarget "WeatherApp" */ = {
			isa = XCConfigurationList;
			buildConfigurations = (
				3C3BCE662C7B822F00F6B404 /* Debug */,
				3C3BCE672C7B822F00F6B404 /* Release */,
			);
			defaultConfigurationIsVisible = 0;
			defaultConfigurationName = Release;
		};
/* End XCConfigurationList section */
	};
	rootObject = 3C3BCE4F2C7B822C00F6B404 /* Project object */;
}
